
Microsoft Visual Studio Solution File, Format Version 12.00
# Visual Studio 15
VisualStudioVersion = 15.0.28307.438
MinimumVisualStudioVersion = 10.0.40219.1
Project("{FAE04EC0-301F-11D3-BF4B-00C04F79EFBC}") = "StudentDiary", "StudentDiary\StudentDiary.csproj", "{861E25B0-1C36-420E-87F3-AE7ED4BA3337}"
EndProject
Project("{FAE04EC0-301F-11D3-BF4B-00C04F79EFBC}") = "Constructors", "Constructors\Constructors.csproj", "{019391AE-293F-4B3C-8019-FCBE99BE04F9}"
EndProject
Global
	GlobalSection(SolutionConfigurationPlatforms) = preSolution
		Debug|Any CPU = Debug|Any CPU
		Release|Any CPU = Release|Any CPU
	EndGlobalSection
	GlobalSection(ProjectConfigurationPlatforms) = postSolution
		{861E25B0-1C36-420E-87F3-AE7ED4BA3337}.Debug|Any CPU.ActiveCfg = Debug|Any CPU
		{861E25B0-1C36-420E-87F3-AE7ED4BA3337}.Debug|Any CPU.Build.0 = Debug|Any CPU
		{861E25B0-1C36-420E-87F3-AE7ED4BA3337}.Release|Any CPU.ActiveCfg = Release|Any CPU
		{861E25B0-1C36-420E-87F3-AE7ED4BA3337}.Release|Any CPU.Build.0 = Release|Any CPU
		{019391AE-293F-4B3C-8019-FCBE99BE04F9}.Debug|Any CPU.ActiveCfg = Debug|Any CPU
		{019391AE-293F-4B3C-8019-FCBE99BE04F9}.Debug|Any CPU.Build.0 = Debug|Any CPU
		{019391AE-293F-4B3C-8019-FCBE99BE04F9}.Release|Any CPU.ActiveCfg = Release|Any CPU
		{019391AE-293F-4B3C-8019-FCBE99BE04F9}.Release|Any CPU.Build.0 = Release|Any CPU
	EndGlobalSection
	GlobalSection(SolutionProperties) = preSolution
		HideSolutionNode = FALSE
	EndGlobalSection
	GlobalSection(ExtensibilityGlobals) = postSolution
		SolutionGuid = {1E281B17-6964-4111-85F8-0671B8311220}
	EndGlobalSection
EndGlobal
